
Microsoft Visual Studio Solution File, Format Version 12.00
# Visual Studio Version 16
VisualStudioVersion = 16.0.30011.22
MinimumVisualStudioVersion = 10.0.40219.1
Project("{8BC9CEB8-8B4A-11D0-8D11-00A0C91BC942}") = "Wuziqi", "Wuziqi\Wuziqi.vcxproj", "{38EBE478-731B-465A-A2CA-9B8AE6A53B4A}"
EndProject
Global
	GlobalSection(SolutionConfigurationPlatforms) = preSolution
		Debug|x64 = Debug|x64
		Debug|x86 = Debug|x86
		Release|x64 = Release|x64
		Release|x86 = Release|x86
	EndGlobalSection
	GlobalSection(ProjectConfigurationPlatforms) = postSolution
		{38EBE478-731B-465A-A2CA-9B8AE6A53B4A}.Debug|x64.ActiveCfg = Debug|x64
		{38EBE478-731B-465A-A2CA-9B8AE6A53B4A}.Debug|x64.Build.0 = Debug|x64
		{38EBE478-731B-465A-A2CA-9B8AE6A53B4A}.Debug|x86.ActiveCfg = Debug|Win32
		{38EBE478-731B-465A-A2CA-9B8AE6A53B4A}.Debug|x86.Build.0 = Debug|Win32
		{38EBE478-731B-465A-A2CA-9B8AE6A53B4A}.Release|x64.ActiveCfg = Release|x64
		{38EBE478-731B-465A-A2CA-9B8AE6A53B4A}.Release|x64.Build.0 = Release|x64
		{38EBE478-731B-465A-A2CA-9B8AE6A53B4A}.Release|x86.ActiveCfg = Release|Win32
		{38EBE478-731B-465A-A2CA-9B8AE6A53B4A}.Release|x86.Build.0 = Release|Win32
	EndGlobalSection
	GlobalSection(SolutionProperties) = preSolution
		HideSolutionNode = FALSE
	EndGlobalSection
	GlobalSection(ExtensibilityGlobals) = postSolution
		SolutionGuid = {9BCF3ECC-0F0B-4F7E-BDF7-007BB4170543}
	EndGlobalSection
EndGlobal
