<?xml version="1.0" encoding="utf-8"?>
<Project ToolsVersion="4.0" xmlns="http://schemas.microsoft.com/developer/msbuild/2003">
  <ItemGroup>
    <Filter Include="源文件">
      <UniqueIdentifier>{4FC737F1-C7A5-4376-A066-2A32D752A2FF}</UniqueIdentifier>
      <Extensions>cpp;c;cc;cxx;def;odl;idl;hpj;bat;asm;asmx</Extensions>
    </Filter>
    <Filter Include="头文件">
      <UniqueIdentifier>{93995380-89BD-4b04-88EB-625FBE52EBFB}</UniqueIdentifier>
      <Extensions>h;hh;hpp;hxx;hm;inl;inc;ipp;xsd</Extensions>
    </Filter>
    <Filter Include="资源文件">
      <UniqueIdentifier>{67DA6AB6-F800-4c08-8B7A-83BB121AAD01}</UniqueIdentifier>
      <Extensions>rc;ico;cur;bmp;dlg;rc2;rct;bin;rgs;gif;jpg;jpeg;jpe;resx;tiff;tif;png;wav;mfcribbon-ms</Extensions>
    </Filter>
  </ItemGroup>
  <ItemGroup>
    <ClInclude Include="framework.h">
      <Filter>头文件</Filter>
    </ClInclude>
    <ClInclude Include="pch.h">
      <Filter>头文件</Filter>
    </ClInclude>
    <ClInclude Include="TupleFive.h">
      <Filter>头文件</Filter>
    </ClInclude>
    <ClInclude Include="MaxMinSearch.h">
      <Filter>头文件</Filter>
    </ClInclude>
    <ClInclude Include="GameEngine.h">
      <Filter>头文件</Filter>
    </ClInclude>
    <ClInclude Include="GlobalEvaluation.h">
      <Filter>头文件</Filter>
    </ClInclude>
    <ClInclude Include="UnitTest.h">
      <Filter>头文件</Filter>
    </ClInclude>
  </ItemGroup>
  <ItemGroup>
    <ClCompile Include="dllmain.c">
      <Filter>源文件</Filter>
    </ClCompile>
    <ClCompile Include="pch.c">
      <Filter>源文件</Filter>
    </ClCompile>
    <ClCompile Include="TupleFive.c">
      <Filter>源文件</Filter>
    </ClCompile>
    <ClCompile Include="MaxMinSearch.c">
      <Filter>源文件</Filter>
    </ClCompile>
    <ClCompile Include="GlobalEvaluation.c">
      <Filter>源文件</Filter>
    </ClCompile>
    <ClCompile Include="UnitTest.c">
      <Filter>源文件</Filter>
    </ClCompile>
    <ClCompile Include="GEIntData\GEInt5Data_Black.c">
      <Filter>资源文件</Filter>
    </ClCompile>
    <ClCompile Include="GEIntData\GEInt6Data_Black.c">
      <Filter>资源文件</Filter>
    </ClCompile>
    <ClCompile Include="GEIntData\GEInt7Data_Black.c">
      <Filter>资源文件</Filter>
    </ClCompile>
    <ClCompile Include="GEIntData\GEInt8Data_Black.c">
      <Filter>资源文件</Filter>
    </ClCompile>
    <ClCompile Include="GEIntData\GEInt9Data_Black.c">
      <Filter>资源文件</Filter>
    </ClCompile>
    <ClCompile Include="GEIntData\GEInt10Data_Black.c">
      <Filter>资源文件</Filter>
    </ClCompile>
    <ClCompile Include="GEIntData\GEInt11Data_Black.c">
      <Filter>资源文件</Filter>
    </ClCompile>
    <ClCompile Include="GEIntData\GEInt12Data_Black.c">
      <Filter>资源文件</Filter>
    </ClCompile>
    <ClCompile Include="GEIntData\GEInt13Data_Black.c">
      <Filter>资源文件</Filter>
    </ClCompile>
    <ClCompile Include="GEIntData\GEInt14Data_Black.c">
      <Filter>资源文件</Filter>
    </ClCompile>
    <ClCompile Include="GEIntData\GEInt15Data_Black.c">
      <Filter>资源文件</Filter>
    </ClCompile>
  </ItemGroup>
  <ItemGroup>
    <None Include="cpp.hint" />
    <None Include="Source.def">
      <Filter>源文件</Filter>
    </None>
  </ItemGroup>
</Project>